{
  "version": "2",
  "remote": {
    "https://deno.land/std@0.110.0/fmt/colors.ts": "8368ddf2d48dfe413ffd04cdbb7ae6a1009cf0dccc9c7ff1d76259d9c61a0621",
    "https://deno.land/std@0.120.0/_util/assert.ts": "2f868145a042a11d5ad0a3c748dcf580add8a0dbc0e876eaa0026303a5488f58",
    "https://deno.land/std@0.120.0/bytes/equals.ts": "69f55fdbd45c71f920c1a621e6c0865dc780cd8ae34e0f5e55a9497b70c31c1b",
    "https://deno.land/std@0.120.0/bytes/mod.ts": "fedb80b8da2e7ad8dd251148e65f92a04c73d6c5a430b7d197dc39588c8dda6f",
    "https://deno.land/std@0.120.0/encoding/base64.ts": "0b58bd6477214838bf711eef43eac21e47ba9e5c81b2ce185fe25d9ecab3ebb3",
    "https://deno.land/std@0.120.0/encoding/hex.ts": "5bc7df19af498c315cdaba69e2fce1b2aef5fc57344e8c21c08991aa8505a260",
    "https://deno.land/std@0.120.0/hash/_wasm/hash.ts": "021e1d98319edaf4bd57cf114e858f16c483d21c1057ef3bec8e329e61207c80",
    "https://deno.land/std@0.120.0/hash/_wasm/wasm.js": "e8ed9d0391785c0df52f268c5f4a29c68580b54b5ffb352c1a7e7f9c8dbd2c09",
    "https://deno.land/std@0.120.0/hash/hasher.ts": "57a9ec05dd48a9eceed319ac53463d9873490feea3832d58679df6eec51c176b",
    "https://deno.land/std@0.120.0/hash/mod.ts": "13a4c126218ec2b891291256dd06e0db3f924cc2c5bb59bee0b709671f2a1e56",
    "https://deno.land/std@0.120.0/uuid/_common.ts": "a313cd529afd68ec5972367db5ab9a3b2c83b7542ad82d6030c6745cd8068fc1",
    "https://deno.land/std@0.120.0/uuid/mod.ts": "6361673e44fc2facf750e772dd814c08e935c469ec267aaaf2e69bd8dd5664d4",
    "https://deno.land/std@0.120.0/uuid/v1.ts": "3b242479ab2da5a6f5cdbbfeaa5db7a31966e688237f372ff50e489b93a9be07",
    "https://deno.land/std@0.120.0/uuid/v4.ts": "47f37a826620054272ea7be0ec6ab7ed0cf7b7c120f8b6bd8ac2d3c7deadeb4c",
    "https://deno.land/std@0.120.0/uuid/v5.ts": "627068cdfae94077cdc68a03018add8f9e4103904cdc0914f81b59f4e67b0530",
    "https://deno.land/std@0.126.0/_util/assert.ts": "6396c1bd0361c4939e7f32f9b03efffcd04b640a1b206ed67058553d6cb59cc4",
    "https://deno.land/std@0.126.0/async/deadline.ts": "edbdf6cd7a5e3337c4c24c9b616491f8f1d61d36fc415d5d5b4af33557de0d23",
    "https://deno.land/std@0.126.0/async/debounce.ts": "3cf9306b4e9038ee3238111e338f412ecf3541b1a97ba9fc1f960be8af5a5f39",
    "https://deno.land/std@0.126.0/async/deferred.ts": "677692a2399d4cabbc45e06abe4f585afd6196c59e24a98edb866598af9f0eef",
    "https://deno.land/std@0.126.0/async/delay.ts": "f38013c800f5129b14fdbf41fb4f4fbaf9525f69f4266946e14d0cf57c830b0c",
    "https://deno.land/std@0.126.0/async/mod.ts": "a28709190a1966cb50e5815ef269bb588ee192373cde73b1096641820dc52a36",
    "https://deno.land/std@0.126.0/async/mux_async_iterator.ts": "35561f258d32c77170f9d1faf3d650890fb6502d5fe12f505c050b4ea1aee899",
    "https://deno.land/std@0.126.0/async/pool.ts": "97b0dd27c69544e374df857a40902e74e39532f226005543eabacb551e277082",
    "https://deno.land/std@0.126.0/async/tee.ts": "518c7bfd5184c8cd92b47115026a6a2243e81d83e2c3e71c2aa5cdb5988998b1",
    "https://deno.land/std@0.126.0/datetime/formatter.ts": "405f255681e8a771e01dd9d3bb6f04fc89c962344403642f89c8eccc7300bc91",
    "https://deno.land/std@0.126.0/datetime/mod.ts": "d2f0fe0d9456485205bf1acbac774e324a20f7787cfb4938f6460514e9551d51",
    "https://deno.land/std@0.126.0/datetime/tokenizer.ts": "80a91cea31cb45cf7f4c15041fb2832656cb786c300e922f1263befbba3e1b87",
    "https://deno.land/std@0.126.0/http/cookie.ts": "bcbbee7c6fefba53d50d78a7697f6f2f32704da7d9bb557de7ca822922e0a52a",
    "https://deno.land/std@0.126.0/http/http_status.ts": "3e0b5615881917ad82bddf5395fbab6a82d2d20c1d77e98089513a26e3257b2c",
    "https://deno.land/std@0.126.0/http/server.ts": "10c3a7814666cdbabd6f9c18acdcc4593e222275a628280a4868881445fbb5bc",
    "https://deno.land/x/drash@v2.5.4/deps.ts": "47965237682aca07344d5dc163bb28c5fa74f9e5a2c32ed0b125965dc23d2f60",
    "https://deno.land/x/drash@v2.5.4/mod.ts": "50f2998206b965d11989f39cc4575773e8668fb0197499d34d0c88349745eb2b",
    "https://deno.land/x/drash@v2.5.4/src/dictionaries/mime_db.ts": "8c79952548980ff80977b0e245ac249042b18c78986959ece1c18f07f31a9a3e",
    "https://deno.land/x/drash@v2.5.4/src/dictionaries/mime_types.ts": "043c061375a750c7ae2c9bfd30d46063a5868fb93673ed4f5f09f2434d5defa5",
    "https://deno.land/x/drash@v2.5.4/src/errors.ts": "2e58ff8e8023fc68511f04328931a34cb265c8bd5ef792865ed3b1980f808c46",
    "https://deno.land/x/drash@v2.5.4/src/http/error_handler.ts": "9c1aa5b3e5c2545c7b632c3bc91132d3adfb34c466ec128cfb35ce5cac112403",
    "https://deno.land/x/drash@v2.5.4/src/http/request.ts": "d73945079961a9f4785542564149fa033b138f14aed0c606c8b7b5b74503e8d5",
    "https://deno.land/x/drash@v2.5.4/src/http/resource.ts": "b3fcba255669599055775e5a021f591002a471866ebe97a885908f572385a2cb",
    "https://deno.land/x/drash@v2.5.4/src/http/response.ts": "6a551effb7006fc69d26bc39972422816c0a6b605bea35936eb9efadf1152a36",
    "https://deno.land/x/drash@v2.5.4/src/http/server.ts": "c976c5b77bd2edca0aeb47fd6747d5a9041b22f0c4227a8b48207a8d8b43ef77",
    "https://deno.land/x/drash@v2.5.4/src/http/service.ts": "77ce0d066b290d8aa8b71aa6cab04d0ef7845b2cf1ddb56e4b4a37e3d6443f5b",
    "https://deno.land/x/drash@v2.5.4/src/interfaces.ts": "393c4cf837960c809bcefac13aa4c472efd594c5d26e87f18250a0a6ee1e08b0",
    "https://deno.land/x/drash@v2.5.4/src/services/csrf/csrf.ts": "dd55bdf663bd8e70b994e3c689a6669431a74d2846983c982b75d6609812fd2b",
    "https://deno.land/x/drash@v2.5.4/src/services/csrf/deps.ts": "29dadc860fd5607048bddc49ef5597ed8bef0977d8664999bd5401e1ca5ec747",
    "https://deno.land/x/drash@v2.5.4/src/services/paladin/paladin.ts": "1bb25a45e0b76e84cbd578ef4bdc855c4fe6d5ac82ca4c5fd2e9b2a77036ab1f",
    "https://deno.land/x/drash@v2.5.4/src/services/rate_limiter/memory_store.ts": "4ae1555b31335335d96e54df2f9c3e043f707477d0242554c3e13966ec032854",
    "https://deno.land/x/drash@v2.5.4/src/services/rate_limiter/rate_limiter.ts": "9d7cace79459ae4d25b418e55093aff9670f4a298f51c0a451784f4cd7b26722",
    "https://deno.land/x/drash@v2.5.4/src/services/response_time/response_time.ts": "e089cd6a8864970caf09ce49c08a8e4be3fd07804daf522629b4ac6533f4ce1f",
    "https://deno.land/x/drash@v2.5.4/src/services/tengine/jae.ts": "d35adca2d1eee18d31b8b85ee1292136249c978504415541d749d08ab755a0df",
    "https://deno.land/x/drash@v2.5.4/src/services/tengine/tengine.ts": "7c919b815f8754dcce19a138cd4dd0c32744002ebe9cb9fb083765c4ca939720",
    "https://deno.land/x/drash@v2.5.4/src/types.ts": "6cd3f29de0e78bef7ecbfe00bb7e15185041e95b7df4d7290e4e43362eda26d8",
    "https://deno.land/x/unilogger@v1.0.3/deps.ts": "2834bb1008d2962a590dbf56721bd3be32868bbef26fda78f159f0b29a864708",
    "https://deno.land/x/unilogger@v1.0.3/mod.ts": "7f48997932cc7def24be8f291a6158b0d290323f870afee794e8767dfc341a5d",
    "https://deno.land/x/unilogger@v1.0.3/src/console_logger.ts": "0c38e2eb75246c8c603fd90e06fa0362afc2c00d84d0165731742b1e89737c1c",
    "https://deno.land/x/unilogger@v1.0.3/src/file_logger.ts": "8ba219f0c0fbeb1abf34ba31245c1b7b007aa004f0f3a990ef99f17490b1667f",
    "https://deno.land/x/unilogger@v1.0.3/src/logger.ts": "c2544aa75b8aa58171d34b9fc8af385e71b9b2331331649ea9d915dbbd355929"
  }
}
